// !$*UTF8*$!
{
	archiveVersion = 1;
	classes = {
	};
	objectVersion = 46;
	objects = {

/* Begin PBXFileReference section */
		0E405277156ABF9A00867444 /* fmclass.register.q */ = {isa = PBXFileReference; lastKnownFileType = text; path = fmclass.register.q; sourceTree = "<group>"; };
		0E405279156ABFB000867444 /* fmclass.add.class.q */ = {isa = PBXFileReference; lastKnownFileType = text; path = fmclass.add.class.q; sourceTree = "<group>"; };
		0E40527A156AC0A000867444 /* fmregistry.Rd */ = {isa = PBXFileReference; lastKnownFileType = text; path = fmregistry.Rd; sourceTree = "<group>"; };
		0E54A40C1681265A00A8D64E /* rmodified.q */ = {isa = PBXFileReference; lastKnownFileType = text; path = rmodified.q; sourceTree = "<group>"; };
		0E54A40D1681267100A8D64E /* leverage.q */ = {isa = PBXFileReference; lastKnownFileType = text; path = leverage.q; sourceTree = "<group>"; };
		0E5AF8DA16A8B731008271C0 /* plot.glmfm.q */ = {isa = PBXFileReference; lastKnownFileType = text; path = plot.glmfm.q; sourceTree = "<group>"; };
		0E5F167D16A9D671009AF3C0 /* glmfm.R */ = {isa = PBXFileReference; lastKnownFileType = sourcecode.rez; name = glmfm.R; path = tests/glmfm.R; sourceTree = "<group>"; };
		0E60E515169608F000464611 /* fm.registry.q */ = {isa = PBXFileReference; lastKnownFileType = text; path = fm.registry.q; sourceTree = "<group>"; };
		0EB18F251683A8170025E93E /* leverage.Rd */ = {isa = PBXFileReference; lastKnownFileType = text; path = leverage.Rd; sourceTree = "<group>"; };
		0EB18F261683A8170025E93E /* rmodified.Rd */ = {isa = PBXFileReference; lastKnownFileType = text; path = rmodified.Rd; sourceTree = "<group>"; };
		0EC0C03216AF593C004A7926 /* .Rbuildignore */ = {isa = PBXFileReference; lastKnownFileType = text; path = .Rbuildignore; sourceTree = "<group>"; };
		0ECF482D16A933E400192B0B /* lmfm.R */ = {isa = PBXFileReference; lastKnownFileType = sourcecode.rez; name = lmfm.R; path = tests/lmfm.R; sourceTree = "<group>"; };
		0EE45B2D169AA2D4007CC8C7 /* scatterPlot.lmfm.Rd */ = {isa = PBXFileReference; lastKnownFileType = text; path = scatterPlot.lmfm.Rd; sourceTree = "<group>"; };
		0EF220FB15675D7900CFD1EF /* DESCRIPTION */ = {isa = PBXFileReference; lastKnownFileType = text; path = DESCRIPTION; sourceTree = "<group>"; };
		0EF220FD15675D7900CFD1EF /* fit.models.Rd */ = {isa = PBXFileReference; lastKnownFileType = text; path = fit.models.Rd; sourceTree = "<group>"; };
		0EF220FE15675D7900CFD1EF /* simpleRegPlot.lmfm.Rd */ = {isa = PBXFileReference; lastKnownFileType = text; path = simpleRegPlot.lmfm.Rd; sourceTree = "<group>"; };
		0EF220FF15675D7900CFD1EF /* overlaidQQPlot.lmfm.Rd */ = {isa = PBXFileReference; lastKnownFileType = text; path = overlaidQQPlot.lmfm.Rd; sourceTree = "<group>"; };
		0EF2210015675D7900CFD1EF /* overlaidKernDenPlot.lmfm.Rd */ = {isa = PBXFileReference; lastKnownFileType = text; path = overlaidKernDenPlot.lmfm.Rd; sourceTree = "<group>"; };
		0EF2210115675D7900CFD1EF /* kernDenPlot.lmfm.Rd */ = {isa = PBXFileReference; lastKnownFileType = text; path = kernDenPlot.lmfm.Rd; sourceTree = "<group>"; };
		0EF2210315675D7900CFD1EF /* qqPlot.lmfm.Rd */ = {isa = PBXFileReference; lastKnownFileType = text; path = qqPlot.lmfm.Rd; sourceTree = "<group>"; };
		0EF2210515675D7900CFD1EF /* indexPlot.lmfm.Rd */ = {isa = PBXFileReference; lastKnownFileType = text; path = indexPlot.lmfm.Rd; sourceTree = "<group>"; };
		0EF2210715675D7900CFD1EF /* plot.glmfm.Rd */ = {isa = PBXFileReference; lastKnownFileType = text; path = plot.glmfm.Rd; sourceTree = "<group>"; };
		0EF2210815675D7900CFD1EF /* plot.lmfm.Rd */ = {isa = PBXFileReference; lastKnownFileType = text; path = plot.lmfm.Rd; sourceTree = "<group>"; };
		0EF2210915675D7900CFD1EF /* summary.glmfm.Rd */ = {isa = PBXFileReference; lastKnownFileType = text; path = summary.glmfm.Rd; sourceTree = "<group>"; };
		0EF2210A15675D7900CFD1EF /* summary.lmfm.Rd */ = {isa = PBXFileReference; lastKnownFileType = text; path = summary.lmfm.Rd; sourceTree = "<group>"; };
		0EF2210B15675D7900CFD1EF /* NAMESPACE */ = {isa = PBXFileReference; lastKnownFileType = text; path = NAMESPACE; sourceTree = "<group>"; };
		0EF2210D15675D7900CFD1EF /* coef.glmfm.q */ = {isa = PBXFileReference; lastKnownFileType = text; path = coef.glmfm.q; sourceTree = "<group>"; };
		0EF2210E15675D7900CFD1EF /* coef.lmfm.q */ = {isa = PBXFileReference; lastKnownFileType = text; path = coef.lmfm.q; sourceTree = "<group>"; };
		0EF2210F15675D7900CFD1EF /* fit.models.q */ = {isa = PBXFileReference; lastKnownFileType = text; path = fit.models.q; sourceTree = "<group>"; };
		0EF2211115675D7900CFD1EF /* simpleRegPlot.lmfm.q */ = {isa = PBXFileReference; lastKnownFileType = text; path = simpleRegPlot.lmfm.q; sourceTree = "<group>"; };
		0EF2211215675D7900CFD1EF /* overlaidQQPlot.lmfm.q */ = {isa = PBXFileReference; lastKnownFileType = text; path = overlaidQQPlot.lmfm.q; sourceTree = "<group>"; };
		0EF2211315675D7900CFD1EF /* overlaidKernDenPlot.lmfm.q */ = {isa = PBXFileReference; lastKnownFileType = text; path = overlaidKernDenPlot.lmfm.q; sourceTree = "<group>"; };
		0EF2211415675D7900CFD1EF /* kernDenPlot.lmfm.q */ = {isa = PBXFileReference; lastKnownFileType = text; path = kernDenPlot.lmfm.q; sourceTree = "<group>"; };
		0EF2211615675D7900CFD1EF /* qqPlot.lmfm.q */ = {isa = PBXFileReference; lastKnownFileType = text; path = qqPlot.lmfm.q; sourceTree = "<group>"; };
		0EF2211815675D7900CFD1EF /* indexPlot.lmfm.q */ = {isa = PBXFileReference; lastKnownFileType = text; path = indexPlot.lmfm.q; sourceTree = "<group>"; };
		0EF2211A15675D7900CFD1EF /* panel.addons.q */ = {isa = PBXFileReference; lastKnownFileType = text; path = panel.addons.q; sourceTree = "<group>"; };
		0EF2211C15675D7900CFD1EF /* plot.lmfm.q */ = {isa = PBXFileReference; lastKnownFileType = text; path = plot.lmfm.q; sourceTree = "<group>"; };
		0EF2211D15675D7900CFD1EF /* print.glmfm.q */ = {isa = PBXFileReference; lastKnownFileType = text; path = print.glmfm.q; sourceTree = "<group>"; };
		0EF2211E15675D7900CFD1EF /* print.lmfm.q */ = {isa = PBXFileReference; lastKnownFileType = text; path = print.lmfm.q; sourceTree = "<group>"; };
		0EF2211F15675D7900CFD1EF /* print.summary.glmfm.q */ = {isa = PBXFileReference; lastKnownFileType = text; path = print.summary.glmfm.q; sourceTree = "<group>"; };
		0EF2212015675D7900CFD1EF /* print.summary.lmfm.q */ = {isa = PBXFileReference; lastKnownFileType = text; path = print.summary.lmfm.q; sourceTree = "<group>"; };
		0EF2212215675D7900CFD1EF /* summary.glmfm.q */ = {isa = PBXFileReference; lastKnownFileType = text; path = summary.glmfm.q; sourceTree = "<group>"; };
		0EF2212315675D7900CFD1EF /* summary.lmfm.q */ = {isa = PBXFileReference; lastKnownFileType = text; path = summary.lmfm.q; sourceTree = "<group>"; };
		0EF3FF9415685FBD003D6485 /* scatterPlot.lmfm.q */ = {isa = PBXFileReference; lastKnownFileType = text; path = scatterPlot.lmfm.q; sourceTree = "<group>"; };
		0EF3FFA71568B39C003D6485 /* library.q */ = {isa = PBXFileReference; lastKnownFileType = text; path = library.q; sourceTree = "<group>"; };
/* End PBXFileReference section */

/* Begin PBXGroup section */
		0E19AF351682535B00B12ACC /* lmfm */ = {
			isa = PBXGroup;
			children = (
				0EF2210E15675D7900CFD1EF /* coef.lmfm.q */,
				0EF2211E15675D7900CFD1EF /* print.lmfm.q */,
				0EF2212315675D7900CFD1EF /* summary.lmfm.q */,
				0EF2212015675D7900CFD1EF /* print.summary.lmfm.q */,
				0EF2211C15675D7900CFD1EF /* plot.lmfm.q */,
				0EF2211615675D7900CFD1EF /* qqPlot.lmfm.q */,
				0EF2211415675D7900CFD1EF /* kernDenPlot.lmfm.q */,
				0EF3FF9415685FBD003D6485 /* scatterPlot.lmfm.q */,
				0EF2211815675D7900CFD1EF /* indexPlot.lmfm.q */,
				0EF2211215675D7900CFD1EF /* overlaidQQPlot.lmfm.q */,
				0EF2211315675D7900CFD1EF /* overlaidKernDenPlot.lmfm.q */,
				0EF2211115675D7900CFD1EF /* simpleRegPlot.lmfm.q */,
			);
			name = lmfm;
			sourceTree = "<group>";
		};
		0E19AF371682546400B12ACC /* glmfm */ = {
			isa = PBXGroup;
			children = (
				0EF2210D15675D7900CFD1EF /* coef.glmfm.q */,
				0EF2211D15675D7900CFD1EF /* print.glmfm.q */,
				0EF2212215675D7900CFD1EF /* summary.glmfm.q */,
				0EF2211F15675D7900CFD1EF /* print.summary.glmfm.q */,
				0E5AF8DA16A8B731008271C0 /* plot.glmfm.q */,
			);
			name = glmfm;
			sourceTree = "<group>";
		};
		0E19AF3B16829A3100B12ACC /* lmfm */ = {
			isa = PBXGroup;
			children = (
				0EF2210A15675D7900CFD1EF /* summary.lmfm.Rd */,
				0EF2210815675D7900CFD1EF /* plot.lmfm.Rd */,
				0EF2210315675D7900CFD1EF /* qqPlot.lmfm.Rd */,
				0EF2210115675D7900CFD1EF /* kernDenPlot.lmfm.Rd */,
				0EF2210515675D7900CFD1EF /* indexPlot.lmfm.Rd */,
				0EF220FF15675D7900CFD1EF /* overlaidQQPlot.lmfm.Rd */,
				0EF2210015675D7900CFD1EF /* overlaidKernDenPlot.lmfm.Rd */,
				0EF220FE15675D7900CFD1EF /* simpleRegPlot.lmfm.Rd */,
				0EE45B2D169AA2D4007CC8C7 /* scatterPlot.lmfm.Rd */,
			);
			name = lmfm;
			sourceTree = "<group>";
		};
		0E19AF3D16829A3900B12ACC /* glmfm */ = {
			isa = PBXGroup;
			children = (
				0EF2210915675D7900CFD1EF /* summary.glmfm.Rd */,
				0EF2210715675D7900CFD1EF /* plot.glmfm.Rd */,
			);
			name = glmfm;
			sourceTree = "<group>";
		};
		0ECF482B16A933CF00192B0B /* tests */ = {
			isa = PBXGroup;
			children = (
				0ECF482D16A933E400192B0B /* lmfm.R */,
				0E5F167D16A9D671009AF3C0 /* glmfm.R */,
			);
			name = tests;
			sourceTree = "<group>";
		};
		0EF220EC15675CD200CFD1EF = {
			isa = PBXGroup;
			children = (
				0EF220FB15675D7900CFD1EF /* DESCRIPTION */,
				0EF2210B15675D7900CFD1EF /* NAMESPACE */,
				0EC0C03216AF593C004A7926 /* .Rbuildignore */,
				0EF2210C15675D7900CFD1EF /* R */,
				0EF220FC15675D7900CFD1EF /* man */,
				0ECF482B16A933CF00192B0B /* tests */,
			);
			sourceTree = "<group>";
		};
		0EF220FC15675D7900CFD1EF /* man */ = {
			isa = PBXGroup;
			children = (
				0EF220FD15675D7900CFD1EF /* fit.models.Rd */,
				0E40527A156AC0A000867444 /* fmregistry.Rd */,
				0EB18F261683A8170025E93E /* rmodified.Rd */,
				0EB18F251683A8170025E93E /* leverage.Rd */,
				0E19AF3D16829A3900B12ACC /* glmfm */,
				0E19AF3B16829A3100B12ACC /* lmfm */,
			);
			path = man;
			sourceTree = "<group>";
		};
		0EF2210C15675D7900CFD1EF /* R */ = {
			isa = PBXGroup;
			children = (
				0EF2210F15675D7900CFD1EF /* fit.models.q */,
				0E60E515169608F000464611 /* fm.registry.q */,
				0E405277156ABF9A00867444 /* fmclass.register.q */,
				0E405279156ABFB000867444 /* fmclass.add.class.q */,
				0EF3FFA71568B39C003D6485 /* library.q */,
				0E54A40C1681265A00A8D64E /* rmodified.q */,
				0E54A40D1681267100A8D64E /* leverage.q */,
				0EF2211A15675D7900CFD1EF /* panel.addons.q */,
				0E19AF371682546400B12ACC /* glmfm */,
				0E19AF351682535B00B12ACC /* lmfm */,
			);
			path = R;
			sourceTree = "<group>";
		};
/* End PBXGroup section */

/* Begin PBXProject section */
		0EF220EE15675CD200CFD1EF /* Project object */ = {
			isa = PBXProject;
			attributes = {
				LastUpgradeCheck = 0430;
			};
			buildConfigurationList = 0EF220F115675CD200CFD1EF /* Build configuration list for PBXProject "fit.models" */;
			compatibilityVersion = "Xcode 3.2";
			developmentRegion = English;
			hasScannedForEncodings = 0;
			knownRegions = (
				en,
			);
			mainGroup = 0EF220EC15675CD200CFD1EF;
			projectDirPath = "";
			projectRoot = "";
			targets = (
			);
		};
/* End PBXProject section */

/* Begin XCBuildConfiguration section */
		0EF220F315675CD300CFD1EF /* Debug */ = {
			isa = XCBuildConfiguration;
			buildSettings = {
			};
			name = Debug;
		};
		0EF220F415675CD300CFD1EF /* Release */ = {
			isa = XCBuildConfiguration;
			buildSettings = {
			};
			name = Release;
		};
/* End XCBuildConfiguration section */

/* Begin XCConfigurationList section */
		0EF220F115675CD200CFD1EF /* Build configuration list for PBXProject "fit.models" */ = {
			isa = XCConfigurationList;
			buildConfigurations = (
				0EF220F315675CD300CFD1EF /* Debug */,
				0EF220F415675CD300CFD1EF /* Release */,
			);
			defaultConfigurationIsVisible = 0;
			defaultConfigurationName = Release;
		};
/* End XCConfigurationList section */
	};
	rootObject = 0EF220EE15675CD200CFD1EF /* Project object */;
}
